
Microsoft Visual Studio Solution File, Format Version 12.00
# Visual Studio Version 17
VisualStudioVersion = 17.1.32319.34
MinimumVisualStudioVersion = 10.0.40219.1
Project("{9A19103F-16F7-4668-BE54-9A1E7A4F7556}") = "Mystat.Models", "Mystat.Models\Mystat.Models.csproj", "{6CED227A-BF27-4259-88D1-F2BF23E1FBB8}"
EndProject
Project("{9A19103F-16F7-4668-BE54-9A1E7A4F7556}") = "MystatService", "MystatService\MystatService.csproj", "{EDB013A6-89B7-45EB-BC5F-150451A6F804}"
EndProject
Project("{9A19103F-16F7-4668-BE54-9A1E7A4F7556}") = "Mystat.Tests", "Mystat.Tests\Mystat.Tests.csproj", "{360C2133-9613-403D-AD03-61ABD8B22E36}"
EndProject
Project("{9A19103F-16F7-4668-BE54-9A1E7A4F7556}") = "Mystat.Abstraction", "Mystat.Abstraction\Mystat.Abstraction.csproj", "{98DBB907-3366-4041-A657-19076DE67A71}"
EndProject
Project("{9A19103F-16F7-4668-BE54-9A1E7A4F7556}") = "Mystat.Presentation", "Mystat.Presentation\Mystat.Presentation.csproj", "{921F035E-2D0B-4ADE-B155-0582FFE38B6B}"
EndProject
Project("{2150E333-8FDC-42A3-9474-1A3956D46DE8}") = "OLD", "OLD", "{B75C4C67-0AB0-4CFF-9C08-81AEE0690A8F}"
EndProject
Project("{9A19103F-16F7-4668-BE54-9A1E7A4F7556}") = "Library", "Library\Library.csproj", "{A8017F3B-A3FE-478B-8EC0-3225FF14DF89}"
EndProject
Project("{FAE04EC0-301F-11D3-BF4B-00C04F79EFBC}") = "Library.Entities", "Library.Entities\Library.Entities.csproj", "{291BFAD7-F4F5-4C2F-AABF-461DACE63B49}"
EndProject
Project("{FAE04EC0-301F-11D3-BF4B-00C04F79EFBC}") = "Library.Repository", "Library.Repository\Library.Repository.csproj", "{8A4A5FB9-4B46-4397-A96A-45CA2BF51EF7}"
EndProject
Project("{FAE04EC0-301F-11D3-BF4B-00C04F79EFBC}") = "Library.Service", "Library.Service\Library.Service.csproj", "{1AC1559D-66D8-4C79-96F0-545CB16AAE17}"
EndProject
Project("{FAE04EC0-301F-11D3-BF4B-00C04F79EFBC}") = "Library.Helper", "Library.Helper\Library.Helper.csproj", "{F8A6D1D8-0F6B-4D1C-8F5C-760D857E6448}"
EndProject
Project("{FAE04EC0-301F-11D3-BF4B-00C04F79EFBC}") = "Library.Data", "Library.Data\Library.Data.csproj", "{1E675301-D607-4BC5-BB18-EC0D51715AC1}"
EndProject
Project("{FAE04EC0-301F-11D3-BF4B-00C04F79EFBC}") = "Library.Models", "Library.Models\Library.Models.csproj", "{C3E61CF4-4307-48A1-9C8F-521F5E60F161}"
EndProject
Global
	GlobalSection(SolutionConfigurationPlatforms) = preSolution
		Debug|Any CPU = Debug|Any CPU
		Release|Any CPU = Release|Any CPU
	EndGlobalSection
	GlobalSection(ProjectConfigurationPlatforms) = postSolution
		{6CED227A-BF27-4259-88D1-F2BF23E1FBB8}.Debug|Any CPU.ActiveCfg = Debug|Any CPU
		{6CED227A-BF27-4259-88D1-F2BF23E1FBB8}.Debug|Any CPU.Build.0 = Debug|Any CPU
		{6CED227A-BF27-4259-88D1-F2BF23E1FBB8}.Release|Any CPU.ActiveCfg = Release|Any CPU
		{6CED227A-BF27-4259-88D1-F2BF23E1FBB8}.Release|Any CPU.Build.0 = Release|Any CPU
		{EDB013A6-89B7-45EB-BC5F-150451A6F804}.Debug|Any CPU.ActiveCfg = Debug|Any CPU
		{EDB013A6-89B7-45EB-BC5F-150451A6F804}.Debug|Any CPU.Build.0 = Debug|Any CPU
		{EDB013A6-89B7-45EB-BC5F-150451A6F804}.Release|Any CPU.ActiveCfg = Release|Any CPU
		{EDB013A6-89B7-45EB-BC5F-150451A6F804}.Release|Any CPU.Build.0 = Release|Any CPU
		{360C2133-9613-403D-AD03-61ABD8B22E36}.Debug|Any CPU.ActiveCfg = Debug|Any CPU
		{360C2133-9613-403D-AD03-61ABD8B22E36}.Debug|Any CPU.Build.0 = Debug|Any CPU
		{360C2133-9613-403D-AD03-61ABD8B22E36}.Release|Any CPU.ActiveCfg = Release|Any CPU
		{360C2133-9613-403D-AD03-61ABD8B22E36}.Release|Any CPU.Build.0 = Release|Any CPU
		{98DBB907-3366-4041-A657-19076DE67A71}.Debug|Any CPU.ActiveCfg = Debug|Any CPU
		{98DBB907-3366-4041-A657-19076DE67A71}.Debug|Any CPU.Build.0 = Debug|Any CPU
		{98DBB907-3366-4041-A657-19076DE67A71}.Release|Any CPU.ActiveCfg = Release|Any CPU
		{98DBB907-3366-4041-A657-19076DE67A71}.Release|Any CPU.Build.0 = Release|Any CPU
		{921F035E-2D0B-4ADE-B155-0582FFE38B6B}.Debug|Any CPU.ActiveCfg = Debug|Any CPU
		{921F035E-2D0B-4ADE-B155-0582FFE38B6B}.Debug|Any CPU.Build.0 = Debug|Any CPU
		{921F035E-2D0B-4ADE-B155-0582FFE38B6B}.Release|Any CPU.ActiveCfg = Release|Any CPU
		{921F035E-2D0B-4ADE-B155-0582FFE38B6B}.Release|Any CPU.Build.0 = Release|Any CPU
		{A8017F3B-A3FE-478B-8EC0-3225FF14DF89}.Debug|Any CPU.ActiveCfg = Debug|Any CPU
		{A8017F3B-A3FE-478B-8EC0-3225FF14DF89}.Debug|Any CPU.Build.0 = Debug|Any CPU
		{A8017F3B-A3FE-478B-8EC0-3225FF14DF89}.Release|Any CPU.ActiveCfg = Release|Any CPU
		{A8017F3B-A3FE-478B-8EC0-3225FF14DF89}.Release|Any CPU.Build.0 = Release|Any CPU
		{291BFAD7-F4F5-4C2F-AABF-461DACE63B49}.Debug|Any CPU.ActiveCfg = Debug|Any CPU
		{291BFAD7-F4F5-4C2F-AABF-461DACE63B49}.Debug|Any CPU.Build.0 = Debug|Any CPU
		{291BFAD7-F4F5-4C2F-AABF-461DACE63B49}.Release|Any CPU.ActiveCfg = Release|Any CPU
		{291BFAD7-F4F5-4C2F-AABF-461DACE63B49}.Release|Any CPU.Build.0 = Release|Any CPU
		{8A4A5FB9-4B46-4397-A96A-45CA2BF51EF7}.Debug|Any CPU.ActiveCfg = Debug|Any CPU
		{8A4A5FB9-4B46-4397-A96A-45CA2BF51EF7}.Debug|Any CPU.Build.0 = Debug|Any CPU
		{8A4A5FB9-4B46-4397-A96A-45CA2BF51EF7}.Release|Any CPU.ActiveCfg = Release|Any CPU
		{8A4A5FB9-4B46-4397-A96A-45CA2BF51EF7}.Release|Any CPU.Build.0 = Release|Any CPU
		{1AC1559D-66D8-4C79-96F0-545CB16AAE17}.Debug|Any CPU.ActiveCfg = Debug|Any CPU
		{1AC1559D-66D8-4C79-96F0-545CB16AAE17}.Debug|Any CPU.Build.0 = Debug|Any CPU
		{1AC1559D-66D8-4C79-96F0-545CB16AAE17}.Release|Any CPU.ActiveCfg = Release|Any CPU
		{1AC1559D-66D8-4C79-96F0-545CB16AAE17}.Release|Any CPU.Build.0 = Release|Any CPU
		{F8A6D1D8-0F6B-4D1C-8F5C-760D857E6448}.Debug|Any CPU.ActiveCfg = Debug|Any CPU
		{F8A6D1D8-0F6B-4D1C-8F5C-760D857E6448}.Debug|Any CPU.Build.0 = Debug|Any CPU
		{F8A6D1D8-0F6B-4D1C-8F5C-760D857E6448}.Release|Any CPU.ActiveCfg = Release|Any CPU
		{F8A6D1D8-0F6B-4D1C-8F5C-760D857E6448}.Release|Any CPU.Build.0 = Release|Any CPU
		{1E675301-D607-4BC5-BB18-EC0D51715AC1}.Debug|Any CPU.ActiveCfg = Debug|Any CPU
		{1E675301-D607-4BC5-BB18-EC0D51715AC1}.Debug|Any CPU.Build.0 = Debug|Any CPU
		{1E675301-D607-4BC5-BB18-EC0D51715AC1}.Release|Any CPU.ActiveCfg = Release|Any CPU
		{1E675301-D607-4BC5-BB18-EC0D51715AC1}.Release|Any CPU.Build.0 = Release|Any CPU
		{C3E61CF4-4307-48A1-9C8F-521F5E60F161}.Debug|Any CPU.ActiveCfg = Debug|Any CPU
		{C3E61CF4-4307-48A1-9C8F-521F5E60F161}.Debug|Any CPU.Build.0 = Debug|Any CPU
		{C3E61CF4-4307-48A1-9C8F-521F5E60F161}.Release|Any CPU.ActiveCfg = Release|Any CPU
		{C3E61CF4-4307-48A1-9C8F-521F5E60F161}.Release|Any CPU.Build.0 = Release|Any CPU
	EndGlobalSection
	GlobalSection(SolutionProperties) = preSolution
		HideSolutionNode = FALSE
	EndGlobalSection
	GlobalSection(NestedProjects) = preSolution
		{6CED227A-BF27-4259-88D1-F2BF23E1FBB8} = {B75C4C67-0AB0-4CFF-9C08-81AEE0690A8F}
		{EDB013A6-89B7-45EB-BC5F-150451A6F804} = {B75C4C67-0AB0-4CFF-9C08-81AEE0690A8F}
		{360C2133-9613-403D-AD03-61ABD8B22E36} = {B75C4C67-0AB0-4CFF-9C08-81AEE0690A8F}
		{98DBB907-3366-4041-A657-19076DE67A71} = {B75C4C67-0AB0-4CFF-9C08-81AEE0690A8F}
		{921F035E-2D0B-4ADE-B155-0582FFE38B6B} = {B75C4C67-0AB0-4CFF-9C08-81AEE0690A8F}
	EndGlobalSection
	GlobalSection(ExtensibilityGlobals) = postSolution
		SolutionGuid = {E521EBAF-A1DB-4E4B-9BFD-659891256F32}
	EndGlobalSection
EndGlobal
